lockfileVersion: 5.4

specifiers:
  typescript: ^4.8.4
  uglify-js: ^3.17.2

devDependencies:
  typescript: 4.8.4
  uglify-js: 3.17.2

packages:

  /typescript/4.8.4:
    resolution: {integrity: sha512-QCh+85mCy+h0IGff8r5XWzOVSbBO+KfeYrMQh7NJ58QujwcE22u+NUSmUxqF+un70P9GXKxa2HCNiTTMJknyjQ==}
    engines: {node: '>=4.2.0'}
    hasBin: true
    dev: true

  /uglify-js/3.17.2:
    resolution: {integrity: sha512-bbxglRjsGQMchfvXZNusUcYgiB9Hx2K4AHYXQy2DITZ9Rd+JzhX7+hoocE5Winr7z2oHvPsekkBwXtigvxevXg==}
    engines: {node: '>=0.8.0'}
    hasBin: true
    dev: true
