lockfileVersion: 5.4

specifiers:
  typescript: ^4.8.3
  uglify-js: ^3.17.0

devDependencies:
  typescript: 4.8.3
  uglify-js: 3.17.0

packages:

  /typescript/4.8.3:
    resolution: {integrity: sha512-goMHfm00nWPa8UvR/CPSvykqf6dVV8x/dp0c5mFTMTIu0u0FlGWRioyy7Nn0PGAdHxpJZnuO/ut+PpQ8UiHAig==}
    engines: {node: '>=4.2.0'}
    hasBin: true
    dev: true

  /uglify-js/3.17.0:
    resolution: {integrity: sha512-aTeNPVmgIMPpm1cxXr2Q/nEbvkmV8yq66F3om7X3P/cvOXQ0TMQ64Wk63iyT1gPlmdmGzjGpyLh1f3y8MZWXGg==}
    engines: {node: '>=0.8.0'}
    hasBin: true
    dev: true
