lockfileVersion: 5.4

specifiers:
  typescript: ^4.9.3
  uglify-js: ^3.17.4

devDependencies:
  typescript: 4.9.3
  uglify-js: 3.17.4

packages:

  /typescript/4.9.3:
    resolution: {integrity: sha512-CIfGzTelbKNEnLpLdGFgdyKhG23CKdKgQPOBc+OUNrkJ2vr+KSzsSV5kq5iWhEQbok+quxgGzrAtGWCyU7tHnA==}
    engines: {node: '>=4.2.0'}
    hasBin: true
    dev: true

  /uglify-js/3.17.4:
    resolution: {integrity: sha512-T9q82TJI9e/C1TAxYvfb16xO120tMVFZrGA3f9/P4424DNu6ypK103y0GPFVa17yotwSyZW5iYXgjYHkGrJW/g==}
    engines: {node: '>=0.8.0'}
    hasBin: true
    dev: true
